
Microsoft Visual Studio Solution File, Format Version 12.00
# Visual Studio Version 16
VisualStudioVersion = 16.0.31424.327
MinimumVisualStudioVersion = 10.0.40219.1
Project("{FAE04EC0-301F-11D3-BF4B-00C04F79EFBC}") = "RegisterPostalAddresses", "RegisterPostalAddresses\RegisterPostalAddresses.csproj", "{28BC7986-BF32-4E5D-A62C-2DEDC7149E6E}"
EndProject
Global
	GlobalSection(SolutionConfigurationPlatforms) = preSolution
		Debug|Any CPU = Debug|Any CPU
		Release|Any CPU = Release|Any CPU
	EndGlobalSection
	GlobalSection(ProjectConfigurationPlatforms) = postSolution
		{28BC7986-BF32-4E5D-A62C-2DEDC7149E6E}.Debug|Any CPU.ActiveCfg = Debug|Any CPU
		{28BC7986-BF32-4E5D-A62C-2DEDC7149E6E}.Debug|Any CPU.Build.0 = Debug|Any CPU
		{28BC7986-BF32-4E5D-A62C-2DEDC7149E6E}.Release|Any CPU.ActiveCfg = Release|Any CPU
		{28BC7986-BF32-4E5D-A62C-2DEDC7149E6E}.Release|Any CPU.Build.0 = Release|Any CPU
	EndGlobalSection
	GlobalSection(SolutionProperties) = preSolution
		HideSolutionNode = FALSE
	EndGlobalSection
	GlobalSection(ExtensibilityGlobals) = postSolution
		SolutionGuid = {744DCE65-12A4-459C-B674-4FDDC1CEBD6B}
	EndGlobalSection
EndGlobal
